
Microsoft Visual Studio Solution File, Format Version 12.00
# Visual Studio Version 16
VisualStudioVersion = 16.0.31005.135
MinimumVisualStudioVersion = 10.0.40219.1
Project("{FAE04EC0-301F-11D3-BF4B-00C04F79EFBC}") = "KampIntro", "KampIntro\KampIntro.csproj", "{39E08DC3-DF8D-49EE-87F1-0DB8DF5DDE02}"
EndProject
Project("{FAE04EC0-301F-11D3-BF4B-00C04F79EFBC}") = "Loops", "Loops\Loops.csproj", "{9A046A17-897B-4B60-957A-EAA603405DE9}"
EndProject
Global
	GlobalSection(SolutionConfigurationPlatforms) = preSolution
		Debug|Any CPU = Debug|Any CPU
		Release|Any CPU = Release|Any CPU
	EndGlobalSection
	GlobalSection(ProjectConfigurationPlatforms) = postSolution
		{39E08DC3-DF8D-49EE-87F1-0DB8DF5DDE02}.Debug|Any CPU.ActiveCfg = Debug|Any CPU
		{39E08DC3-DF8D-49EE-87F1-0DB8DF5DDE02}.Debug|Any CPU.Build.0 = Debug|Any CPU
		{39E08DC3-DF8D-49EE-87F1-0DB8DF5DDE02}.Release|Any CPU.ActiveCfg = Release|Any CPU
		{39E08DC3-DF8D-49EE-87F1-0DB8DF5DDE02}.Release|Any CPU.Build.0 = Release|Any CPU
		{9A046A17-897B-4B60-957A-EAA603405DE9}.Debug|Any CPU.ActiveCfg = Debug|Any CPU
		{9A046A17-897B-4B60-957A-EAA603405DE9}.Debug|Any CPU.Build.0 = Debug|Any CPU
		{9A046A17-897B-4B60-957A-EAA603405DE9}.Release|Any CPU.ActiveCfg = Release|Any CPU
		{9A046A17-897B-4B60-957A-EAA603405DE9}.Release|Any CPU.Build.0 = Release|Any CPU
	EndGlobalSection
	GlobalSection(SolutionProperties) = preSolution
		HideSolutionNode = FALSE
	EndGlobalSection
	GlobalSection(ExtensibilityGlobals) = postSolution
		SolutionGuid = {642E31E3-1A38-4E15-901F-7B46404038D9}
	EndGlobalSection
EndGlobal
