
Microsoft Visual Studio Solution File, Format Version 12.00
# Visual Studio Version 16
VisualStudioVersion = 16.0.31005.135
MinimumVisualStudioVersion = 10.0.40219.1
Project("{9A19103F-16F7-4668-BE54-9A1E7A4F7556}") = "KampIntro", "KampIntro\KampIntro.csproj", "{39E08DC3-DF8D-49EE-87F1-0DB8DF5DDE02}"
EndProject
Project("{9A19103F-16F7-4668-BE54-9A1E7A4F7556}") = "Loops", "Loops\Loops.csproj", "{9A046A17-897B-4B60-957A-EAA603405DE9}"
EndProject
Project("{9A19103F-16F7-4668-BE54-9A1E7A4F7556}") = "ClassIntro", "ClassIntro\ClassIntro.csproj", "{1B13408D-EA9F-41E3-B1E3-53A85344BE01}"
EndProject
Project("{9A19103F-16F7-4668-BE54-9A1E7A4F7556}") = "Methods", "Methods\Methods.csproj", "{918327C9-1E41-4CA3-8E47-FA24F0B74FC5}"
EndProject
Project("{9A19103F-16F7-4668-BE54-9A1E7A4F7556}") = "Mathematics", "Mathematics\Mathematics.csproj", "{8C191618-A8F0-46C9-A7F9-F86E06207EE9}"
EndProject
Project("{9A19103F-16F7-4668-BE54-9A1E7A4F7556}") = "ValueandReferenceTypes", "ValueandReferenceTypes\ValueandReferenceTypes.csproj", "{A190954D-D704-4989-8B08-58C82122B0D6}"
EndProject
Project("{9A19103F-16F7-4668-BE54-9A1E7A4F7556}") = "OOP1", "OOP1\OOP1.csproj", "{03C6DF11-E14D-4F4C-A7D8-DDC92CDCDE33}"
EndProject
Project("{9A19103F-16F7-4668-BE54-9A1E7A4F7556}") = "Collections", "Collections\Collections.csproj", "{DFAA7416-5CF8-437C-85B8-5A477EAC1C31}"
EndProject
Project("{9A19103F-16F7-4668-BE54-9A1E7A4F7556}") = "GenericsIntro", "GenericsIntro\GenericsIntro.csproj", "{B9F9B559-DA1C-464F-BC9E-EB5A051A0F16}"
EndProject
Project("{9A19103F-16F7-4668-BE54-9A1E7A4F7556}") = "OOP2", "OOP2\OOP2.csproj", "{A070A614-A8AE-46D5-86D7-8DD8536E61C7}"
EndProject
Project("{9A19103F-16F7-4668-BE54-9A1E7A4F7556}") = "OOP3", "OOP3\OOP3.csproj", "{5DFA06F9-F2F0-49C4-B21B-7E84633C6B58}"
EndProject
Project("{9A19103F-16F7-4668-BE54-9A1E7A4F7556}") = "GameProject", "GameProject\GameProject.csproj", "{0B791842-DC2F-4C12-AB78-04E22CC8AD37}"
EndProject
Project("{9A19103F-16F7-4668-BE54-9A1E7A4F7556}") = "Constructors", "Constructor\Constructors.csproj", "{5449F8B9-17CC-48D5-B65D-0C5D2F73CC63}"
EndProject
Project("{9A19103F-16F7-4668-BE54-9A1E7A4F7556}") = "Generics", "Generics\Generics.csproj", "{5BCE6D60-554C-4A6C-A07A-E75C3C8EBEA3}"
EndProject
Project("{9A19103F-16F7-4668-BE54-9A1E7A4F7556}") = "RefAndOut", "RefAndOut\RefAndOut.csproj", "{29DFDA03-6723-4642-96C4-1CF4BB02DACB}"
EndProject
Project("{9A19103F-16F7-4668-BE54-9A1E7A4F7556}") = "ClassMetotDemo", "ClassMetotDemo\ClassMetotDemo.csproj", "{7042261B-DCB4-48FC-AFD1-D737855B3BF9}"
EndProject
Project("{9A19103F-16F7-4668-BE54-9A1E7A4F7556}") = "MyDictionary", "MyDictionary\MyDictionary.csproj", "{7E087D13-3896-4D63-BD20-EED622F8E365}"
EndProject
Project("{FAE04EC0-301F-11D3-BF4B-00C04F79EFBC}") = "RecapDemo1", "RecapDemo1\RecapDemo1.csproj", "{1F3C9142-9009-441A-8F7F-00BEF427D306}"
EndProject
Project("{FAE04EC0-301F-11D3-BF4B-00C04F79EFBC}") = "Interfaces", "Interfaces\Interfaces.csproj", "{D74E1579-71A9-4E82-BA47-0BF9AC203971}"
EndProject
Project("{FAE04EC0-301F-11D3-BF4B-00C04F79EFBC}") = "InterfacesDemo", "InterfacesDemo\InterfacesDemo.csproj", "{A1DC62C3-449B-4426-B059-9CBF99A8C910}"
EndProject
Project("{FAE04EC0-301F-11D3-BF4B-00C04F79EFBC}") = "Inheritance", "Inheritance\Inheritance.csproj", "{53EBCD14-6F57-4A24-90B6-77C020FDD3C7}"
EndProject
Project("{FAE04EC0-301F-11D3-BF4B-00C04F79EFBC}") = "InterfaceAbstractDemo", "InterfaceAbstractDemo\InterfaceAbstractDemo.csproj", "{808AD4F2-C402-4808-999B-992EFE0384A2}"
EndProject
Global
	GlobalSection(SolutionConfigurationPlatforms) = preSolution
		Debug|Any CPU = Debug|Any CPU
		Release|Any CPU = Release|Any CPU
	EndGlobalSection
	GlobalSection(ProjectConfigurationPlatforms) = postSolution
		{39E08DC3-DF8D-49EE-87F1-0DB8DF5DDE02}.Debug|Any CPU.ActiveCfg = Debug|Any CPU
		{39E08DC3-DF8D-49EE-87F1-0DB8DF5DDE02}.Debug|Any CPU.Build.0 = Debug|Any CPU
		{39E08DC3-DF8D-49EE-87F1-0DB8DF5DDE02}.Release|Any CPU.ActiveCfg = Release|Any CPU
		{39E08DC3-DF8D-49EE-87F1-0DB8DF5DDE02}.Release|Any CPU.Build.0 = Release|Any CPU
		{9A046A17-897B-4B60-957A-EAA603405DE9}.Debug|Any CPU.ActiveCfg = Debug|Any CPU
		{9A046A17-897B-4B60-957A-EAA603405DE9}.Debug|Any CPU.Build.0 = Debug|Any CPU
		{9A046A17-897B-4B60-957A-EAA603405DE9}.Release|Any CPU.ActiveCfg = Release|Any CPU
		{9A046A17-897B-4B60-957A-EAA603405DE9}.Release|Any CPU.Build.0 = Release|Any CPU
		{1B13408D-EA9F-41E3-B1E3-53A85344BE01}.Debug|Any CPU.ActiveCfg = Debug|Any CPU
		{1B13408D-EA9F-41E3-B1E3-53A85344BE01}.Debug|Any CPU.Build.0 = Debug|Any CPU
		{1B13408D-EA9F-41E3-B1E3-53A85344BE01}.Release|Any CPU.ActiveCfg = Release|Any CPU
		{1B13408D-EA9F-41E3-B1E3-53A85344BE01}.Release|Any CPU.Build.0 = Release|Any CPU
		{918327C9-1E41-4CA3-8E47-FA24F0B74FC5}.Debug|Any CPU.ActiveCfg = Debug|Any CPU
		{918327C9-1E41-4CA3-8E47-FA24F0B74FC5}.Debug|Any CPU.Build.0 = Debug|Any CPU
		{918327C9-1E41-4CA3-8E47-FA24F0B74FC5}.Release|Any CPU.ActiveCfg = Release|Any CPU
		{918327C9-1E41-4CA3-8E47-FA24F0B74FC5}.Release|Any CPU.Build.0 = Release|Any CPU
		{8C191618-A8F0-46C9-A7F9-F86E06207EE9}.Debug|Any CPU.ActiveCfg = Debug|Any CPU
		{8C191618-A8F0-46C9-A7F9-F86E06207EE9}.Debug|Any CPU.Build.0 = Debug|Any CPU
		{8C191618-A8F0-46C9-A7F9-F86E06207EE9}.Release|Any CPU.ActiveCfg = Release|Any CPU
		{8C191618-A8F0-46C9-A7F9-F86E06207EE9}.Release|Any CPU.Build.0 = Release|Any CPU
		{A190954D-D704-4989-8B08-58C82122B0D6}.Debug|Any CPU.ActiveCfg = Debug|Any CPU
		{A190954D-D704-4989-8B08-58C82122B0D6}.Debug|Any CPU.Build.0 = Debug|Any CPU
		{A190954D-D704-4989-8B08-58C82122B0D6}.Release|Any CPU.ActiveCfg = Release|Any CPU
		{A190954D-D704-4989-8B08-58C82122B0D6}.Release|Any CPU.Build.0 = Release|Any CPU
		{03C6DF11-E14D-4F4C-A7D8-DDC92CDCDE33}.Debug|Any CPU.ActiveCfg = Debug|Any CPU
		{03C6DF11-E14D-4F4C-A7D8-DDC92CDCDE33}.Debug|Any CPU.Build.0 = Debug|Any CPU
		{03C6DF11-E14D-4F4C-A7D8-DDC92CDCDE33}.Release|Any CPU.ActiveCfg = Release|Any CPU
		{03C6DF11-E14D-4F4C-A7D8-DDC92CDCDE33}.Release|Any CPU.Build.0 = Release|Any CPU
		{DFAA7416-5CF8-437C-85B8-5A477EAC1C31}.Debug|Any CPU.ActiveCfg = Debug|Any CPU
		{DFAA7416-5CF8-437C-85B8-5A477EAC1C31}.Debug|Any CPU.Build.0 = Debug|Any CPU
		{DFAA7416-5CF8-437C-85B8-5A477EAC1C31}.Release|Any CPU.ActiveCfg = Release|Any CPU
		{DFAA7416-5CF8-437C-85B8-5A477EAC1C31}.Release|Any CPU.Build.0 = Release|Any CPU
		{B9F9B559-DA1C-464F-BC9E-EB5A051A0F16}.Debug|Any CPU.ActiveCfg = Debug|Any CPU
		{B9F9B559-DA1C-464F-BC9E-EB5A051A0F16}.Debug|Any CPU.Build.0 = Debug|Any CPU
		{B9F9B559-DA1C-464F-BC9E-EB5A051A0F16}.Release|Any CPU.ActiveCfg = Release|Any CPU
		{B9F9B559-DA1C-464F-BC9E-EB5A051A0F16}.Release|Any CPU.Build.0 = Release|Any CPU
		{A070A614-A8AE-46D5-86D7-8DD8536E61C7}.Debug|Any CPU.ActiveCfg = Debug|Any CPU
		{A070A614-A8AE-46D5-86D7-8DD8536E61C7}.Debug|Any CPU.Build.0 = Debug|Any CPU
		{A070A614-A8AE-46D5-86D7-8DD8536E61C7}.Release|Any CPU.ActiveCfg = Release|Any CPU
		{A070A614-A8AE-46D5-86D7-8DD8536E61C7}.Release|Any CPU.Build.0 = Release|Any CPU
		{5DFA06F9-F2F0-49C4-B21B-7E84633C6B58}.Debug|Any CPU.ActiveCfg = Debug|Any CPU
		{5DFA06F9-F2F0-49C4-B21B-7E84633C6B58}.Debug|Any CPU.Build.0 = Debug|Any CPU
		{5DFA06F9-F2F0-49C4-B21B-7E84633C6B58}.Release|Any CPU.ActiveCfg = Release|Any CPU
		{5DFA06F9-F2F0-49C4-B21B-7E84633C6B58}.Release|Any CPU.Build.0 = Release|Any CPU
		{0B791842-DC2F-4C12-AB78-04E22CC8AD37}.Debug|Any CPU.ActiveCfg = Debug|Any CPU
		{0B791842-DC2F-4C12-AB78-04E22CC8AD37}.Debug|Any CPU.Build.0 = Debug|Any CPU
		{0B791842-DC2F-4C12-AB78-04E22CC8AD37}.Release|Any CPU.ActiveCfg = Release|Any CPU
		{0B791842-DC2F-4C12-AB78-04E22CC8AD37}.Release|Any CPU.Build.0 = Release|Any CPU
		{5449F8B9-17CC-48D5-B65D-0C5D2F73CC63}.Debug|Any CPU.ActiveCfg = Debug|Any CPU
		{5449F8B9-17CC-48D5-B65D-0C5D2F73CC63}.Debug|Any CPU.Build.0 = Debug|Any CPU
		{5449F8B9-17CC-48D5-B65D-0C5D2F73CC63}.Release|Any CPU.ActiveCfg = Release|Any CPU
		{5449F8B9-17CC-48D5-B65D-0C5D2F73CC63}.Release|Any CPU.Build.0 = Release|Any CPU
		{5BCE6D60-554C-4A6C-A07A-E75C3C8EBEA3}.Debug|Any CPU.ActiveCfg = Debug|Any CPU
		{5BCE6D60-554C-4A6C-A07A-E75C3C8EBEA3}.Debug|Any CPU.Build.0 = Debug|Any CPU
		{5BCE6D60-554C-4A6C-A07A-E75C3C8EBEA3}.Release|Any CPU.ActiveCfg = Release|Any CPU
		{5BCE6D60-554C-4A6C-A07A-E75C3C8EBEA3}.Release|Any CPU.Build.0 = Release|Any CPU
		{29DFDA03-6723-4642-96C4-1CF4BB02DACB}.Debug|Any CPU.ActiveCfg = Debug|Any CPU
		{29DFDA03-6723-4642-96C4-1CF4BB02DACB}.Debug|Any CPU.Build.0 = Debug|Any CPU
		{29DFDA03-6723-4642-96C4-1CF4BB02DACB}.Release|Any CPU.ActiveCfg = Release|Any CPU
		{29DFDA03-6723-4642-96C4-1CF4BB02DACB}.Release|Any CPU.Build.0 = Release|Any CPU
		{7042261B-DCB4-48FC-AFD1-D737855B3BF9}.Debug|Any CPU.ActiveCfg = Debug|Any CPU
		{7042261B-DCB4-48FC-AFD1-D737855B3BF9}.Debug|Any CPU.Build.0 = Debug|Any CPU
		{7042261B-DCB4-48FC-AFD1-D737855B3BF9}.Release|Any CPU.ActiveCfg = Release|Any CPU
		{7042261B-DCB4-48FC-AFD1-D737855B3BF9}.Release|Any CPU.Build.0 = Release|Any CPU
		{7E087D13-3896-4D63-BD20-EED622F8E365}.Debug|Any CPU.ActiveCfg = Debug|Any CPU
		{7E087D13-3896-4D63-BD20-EED622F8E365}.Debug|Any CPU.Build.0 = Debug|Any CPU
		{7E087D13-3896-4D63-BD20-EED622F8E365}.Release|Any CPU.ActiveCfg = Release|Any CPU
		{7E087D13-3896-4D63-BD20-EED622F8E365}.Release|Any CPU.Build.0 = Release|Any CPU
		{1F3C9142-9009-441A-8F7F-00BEF427D306}.Debug|Any CPU.ActiveCfg = Debug|Any CPU
		{1F3C9142-9009-441A-8F7F-00BEF427D306}.Debug|Any CPU.Build.0 = Debug|Any CPU
		{1F3C9142-9009-441A-8F7F-00BEF427D306}.Release|Any CPU.ActiveCfg = Release|Any CPU
		{1F3C9142-9009-441A-8F7F-00BEF427D306}.Release|Any CPU.Build.0 = Release|Any CPU
		{D74E1579-71A9-4E82-BA47-0BF9AC203971}.Debug|Any CPU.ActiveCfg = Debug|Any CPU
		{D74E1579-71A9-4E82-BA47-0BF9AC203971}.Debug|Any CPU.Build.0 = Debug|Any CPU
		{D74E1579-71A9-4E82-BA47-0BF9AC203971}.Release|Any CPU.ActiveCfg = Release|Any CPU
		{D74E1579-71A9-4E82-BA47-0BF9AC203971}.Release|Any CPU.Build.0 = Release|Any CPU
		{A1DC62C3-449B-4426-B059-9CBF99A8C910}.Debug|Any CPU.ActiveCfg = Debug|Any CPU
		{A1DC62C3-449B-4426-B059-9CBF99A8C910}.Debug|Any CPU.Build.0 = Debug|Any CPU
		{A1DC62C3-449B-4426-B059-9CBF99A8C910}.Release|Any CPU.ActiveCfg = Release|Any CPU
		{A1DC62C3-449B-4426-B059-9CBF99A8C910}.Release|Any CPU.Build.0 = Release|Any CPU
		{53EBCD14-6F57-4A24-90B6-77C020FDD3C7}.Debug|Any CPU.ActiveCfg = Debug|Any CPU
		{53EBCD14-6F57-4A24-90B6-77C020FDD3C7}.Debug|Any CPU.Build.0 = Debug|Any CPU
		{53EBCD14-6F57-4A24-90B6-77C020FDD3C7}.Release|Any CPU.ActiveCfg = Release|Any CPU
		{53EBCD14-6F57-4A24-90B6-77C020FDD3C7}.Release|Any CPU.Build.0 = Release|Any CPU
		{808AD4F2-C402-4808-999B-992EFE0384A2}.Debug|Any CPU.ActiveCfg = Debug|Any CPU
		{808AD4F2-C402-4808-999B-992EFE0384A2}.Debug|Any CPU.Build.0 = Debug|Any CPU
		{808AD4F2-C402-4808-999B-992EFE0384A2}.Release|Any CPU.ActiveCfg = Release|Any CPU
		{808AD4F2-C402-4808-999B-992EFE0384A2}.Release|Any CPU.Build.0 = Release|Any CPU
	EndGlobalSection
	GlobalSection(SolutionProperties) = preSolution
		HideSolutionNode = FALSE
	EndGlobalSection
	GlobalSection(ExtensibilityGlobals) = postSolution
		SolutionGuid = {642E31E3-1A38-4E15-901F-7B46404038D9}
	EndGlobalSection
EndGlobal
